
Microsoft Visual Studio Solution File, Format Version 12.00
# Visual Studio Version 16
VisualStudioVersion = 16.0.31129.286
MinimumVisualStudioVersion = 10.0.40219.1
Project("{FAE04EC0-301F-11D3-BF4B-00C04F79EFBC}") = "графики на ванну", "графики на ванну\графики на ванну.csproj", "{545968C6-F75B-4911-BF14-F1717E46D5BE}"
EndProject
Global
	GlobalSection(SolutionConfigurationPlatforms) = preSolution
		Debug|Any CPU = Debug|Any CPU
		Release|Any CPU = Release|Any CPU
	EndGlobalSection
	GlobalSection(ProjectConfigurationPlatforms) = postSolution
		{545968C6-F75B-4911-BF14-F1717E46D5BE}.Debug|Any CPU.ActiveCfg = Debug|Any CPU
		{545968C6-F75B-4911-BF14-F1717E46D5BE}.Debug|Any CPU.Build.0 = Debug|Any CPU
		{545968C6-F75B-4911-BF14-F1717E46D5BE}.Release|Any CPU.ActiveCfg = Release|Any CPU
		{545968C6-F75B-4911-BF14-F1717E46D5BE}.Release|Any CPU.Build.0 = Release|Any CPU
	EndGlobalSection
	GlobalSection(SolutionProperties) = preSolution
		HideSolutionNode = FALSE
	EndGlobalSection
	GlobalSection(ExtensibilityGlobals) = postSolution
		SolutionGuid = {29127E9C-56F0-4BF8-9ED4-0B00EF2E856A}
	EndGlobalSection
EndGlobal
